
Microsoft Visual Studio Solution File, Format Version 12.00
# Visual Studio 2012
Project("{FAE04EC0-301F-11D3-BF4B-00C04F79EFBC}") = "ReallyReallyStupidGame", "ReallyReallyStupidGame\ReallyReallyStupidGame.csproj", "{2CF49286-DE4F-43F8-AAAB-AFBB767EE264}"
EndProject
Global
	GlobalSection(SolutionConfigurationPlatforms) = preSolution
		Debug|x86 = Debug|x86
		Release|x86 = Release|x86
	EndGlobalSection
	GlobalSection(ProjectConfigurationPlatforms) = postSolution
		{2CF49286-DE4F-43F8-AAAB-AFBB767EE264}.Debug|x86.ActiveCfg = Debug|x86
		{2CF49286-DE4F-43F8-AAAB-AFBB767EE264}.Debug|x86.Build.0 = Debug|x86
		{2CF49286-DE4F-43F8-AAAB-AFBB767EE264}.Release|x86.ActiveCfg = Release|x86
		{2CF49286-DE4F-43F8-AAAB-AFBB767EE264}.Release|x86.Build.0 = Release|x86
	EndGlobalSection
EndGlobal
